interactions:
- request:
    body: null
    headers:
      Accept: [application/json]
      Accept-Encoding: ['gzip, deflate']
      Authorization: [Basic YWRtaW46MTIzNDU=]
      Confirm: ['true']
      Connection: [keep-alive]
      Content-Length: ['0']
      Cookie: [JSESSIONID=9zpgo4k62mmvkx999zevrepf]
      User-Agent: [python-requests/2.10.0]
    method: POST
    uri: http://localhost:8153/go/api/pipelines/Deploy_UAT/releaseLock
  response:
    body:
      string: !!binary |
        H4sIAAAAAAAAACvILEjNycxLVcjJT85WKErNSU0sTk1RSMsvUnBJLcjJr4wPdQzhAgBznQaiJgAA
        AA==
    headers:
      Cache-Control: ['max-age=0, private, must-revalidate']
      Content-Encoding: [gzip]
      Content-Type: [application/json; charset=utf-8]
      Date: ['Fri, 09 Sep 2016 14:27:48 GMT']
      ETag: ['"86115cc41905cb66dc5f9de524b9f19f--gzip"']
      Vary: ['Accept-Encoding, User-Agent']
      X-Content-Type-Options: [nosniff]
      X-Frame-Options: [SAMEORIGIN]
      X-Request-Id: [45390ba7-062b-43d6-847c-1006b24ec95b]
      X-Runtime: ['0.023000']
      X-UA-Compatible: [chrome=1]
      X-XSS-Protection: [1; mode=block]
    status: {code: 200, message: OK}
version: 1
